
Microsoft Visual Studio Solution File, Format Version 12.00
# Visual Studio Version 17
VisualStudioVersion = 17.0.31903.59
MinimumVisualStudioVersion = 10.0.40219.1
Project("{FAE04EC0-301F-11D3-BF4B-00C04F79EFBC}") = "1", "2023\1\1.csproj", "{C7F811D6-DA3E-4703-875F-73278CEBC951}"
EndProject
Project("{FAE04EC0-301F-11D3-BF4B-00C04F79EFBC}") = "2", "2023\2\2.csproj", "{99C6E339-54AA-4D90-902C-216DD2128715}"
EndProject
Project("{FAE04EC0-301F-11D3-BF4B-00C04F79EFBC}") = "3", "2023\3\3.csproj", "{D7D8AC73-0579-44DC-8956-AEA6C1890662}"
EndProject
Project("{FAE04EC0-301F-11D3-BF4B-00C04F79EFBC}") = "4", "2023\4\4.csproj", "{65E16385-A1D8-40F2-B70E-D5388CCF828C}"
EndProject
Project("{FAE04EC0-301F-11D3-BF4B-00C04F79EFBC}") = "5", "2023\5\5.csproj", "{9EF6DF23-FA7A-44EA-997C-9C7F88F058D1}"
EndProject
Project("{FAE04EC0-301F-11D3-BF4B-00C04F79EFBC}") = "6", "2023\6\6.csproj", "{45FDBA0E-18B3-44B7-8499-CB51A5F49FCB}"
EndProject
Project("{2150E333-8FDC-42A3-9474-1A3956D46DE8}") = "2024", "2024", "{DF2EF5D8-B1CA-459A-A1FD-A152BA4D8473}"
EndProject
Project("{FAE04EC0-301F-11D3-BF4B-00C04F79EFBC}") = "1", "2024\1\1.csproj", "{A93BB82A-49A9-44A1-88BD-31D1CBAAB157}"
EndProject
Project("{2150E333-8FDC-42A3-9474-1A3956D46DE8}") = "2023", "2023", "{C9E82FC6-C9DA-4669-A041-AE79DF4A8226}"
EndProject
Project("{FAE04EC0-301F-11D3-BF4B-00C04F79EFBC}") = "7", "2023\7\7.csproj", "{0E932198-F4D6-4686-8865-FC5767F87DDB}"
EndProject
Project("{FAE04EC0-301F-11D3-BF4B-00C04F79EFBC}") = "8", "2023\8\8.csproj", "{13BFE412-6EB7-4614-95DA-6CFA7C508195}"
EndProject
Project("{FAE04EC0-301F-11D3-BF4B-00C04F79EFBC}") = "9", "2023\9\9.csproj", "{1ED1A602-DA65-415E-AC77-85A88D17600B}"
EndProject
Project("{FAE04EC0-301F-11D3-BF4B-00C04F79EFBC}") = "10", "2023\10\10.csproj", "{8A242D69-57FB-412F-9236-475E87DD1A86}"
EndProject
Project("{FAE04EC0-301F-11D3-BF4B-00C04F79EFBC}") = "2", "2024\2\2.csproj", "{7CAF9979-914D-4FD1-A8B8-819F272E58B1}"
EndProject
Project("{FAE04EC0-301F-11D3-BF4B-00C04F79EFBC}") = "3", "2024\3\3.csproj", "{9E564117-84D1-43DA-9881-E49CA8A16543}"
EndProject
Global
	GlobalSection(SolutionConfigurationPlatforms) = preSolution
		Debug|Any CPU = Debug|Any CPU
		Release|Any CPU = Release|Any CPU
	EndGlobalSection
	GlobalSection(SolutionProperties) = preSolution
		HideSolutionNode = FALSE
	EndGlobalSection
	GlobalSection(ProjectConfigurationPlatforms) = postSolution
		{C7F811D6-DA3E-4703-875F-73278CEBC951}.Debug|Any CPU.ActiveCfg = Debug|Any CPU
		{C7F811D6-DA3E-4703-875F-73278CEBC951}.Debug|Any CPU.Build.0 = Debug|Any CPU
		{C7F811D6-DA3E-4703-875F-73278CEBC951}.Release|Any CPU.ActiveCfg = Release|Any CPU
		{C7F811D6-DA3E-4703-875F-73278CEBC951}.Release|Any CPU.Build.0 = Release|Any CPU
		{99C6E339-54AA-4D90-902C-216DD2128715}.Debug|Any CPU.ActiveCfg = Debug|Any CPU
		{99C6E339-54AA-4D90-902C-216DD2128715}.Debug|Any CPU.Build.0 = Debug|Any CPU
		{99C6E339-54AA-4D90-902C-216DD2128715}.Release|Any CPU.ActiveCfg = Release|Any CPU
		{99C6E339-54AA-4D90-902C-216DD2128715}.Release|Any CPU.Build.0 = Release|Any CPU
		{D7D8AC73-0579-44DC-8956-AEA6C1890662}.Debug|Any CPU.ActiveCfg = Debug|Any CPU
		{D7D8AC73-0579-44DC-8956-AEA6C1890662}.Debug|Any CPU.Build.0 = Debug|Any CPU
		{D7D8AC73-0579-44DC-8956-AEA6C1890662}.Release|Any CPU.ActiveCfg = Release|Any CPU
		{D7D8AC73-0579-44DC-8956-AEA6C1890662}.Release|Any CPU.Build.0 = Release|Any CPU
		{65E16385-A1D8-40F2-B70E-D5388CCF828C}.Debug|Any CPU.ActiveCfg = Debug|Any CPU
		{65E16385-A1D8-40F2-B70E-D5388CCF828C}.Debug|Any CPU.Build.0 = Debug|Any CPU
		{65E16385-A1D8-40F2-B70E-D5388CCF828C}.Release|Any CPU.ActiveCfg = Release|Any CPU
		{65E16385-A1D8-40F2-B70E-D5388CCF828C}.Release|Any CPU.Build.0 = Release|Any CPU
		{9EF6DF23-FA7A-44EA-997C-9C7F88F058D1}.Debug|Any CPU.ActiveCfg = Debug|Any CPU
		{9EF6DF23-FA7A-44EA-997C-9C7F88F058D1}.Debug|Any CPU.Build.0 = Debug|Any CPU
		{9EF6DF23-FA7A-44EA-997C-9C7F88F058D1}.Release|Any CPU.ActiveCfg = Release|Any CPU
		{9EF6DF23-FA7A-44EA-997C-9C7F88F058D1}.Release|Any CPU.Build.0 = Release|Any CPU
		{45FDBA0E-18B3-44B7-8499-CB51A5F49FCB}.Debug|Any CPU.ActiveCfg = Debug|Any CPU
		{45FDBA0E-18B3-44B7-8499-CB51A5F49FCB}.Debug|Any CPU.Build.0 = Debug|Any CPU
		{45FDBA0E-18B3-44B7-8499-CB51A5F49FCB}.Release|Any CPU.ActiveCfg = Release|Any CPU
		{45FDBA0E-18B3-44B7-8499-CB51A5F49FCB}.Release|Any CPU.Build.0 = Release|Any CPU
		{A93BB82A-49A9-44A1-88BD-31D1CBAAB157}.Debug|Any CPU.ActiveCfg = Debug|Any CPU
		{A93BB82A-49A9-44A1-88BD-31D1CBAAB157}.Debug|Any CPU.Build.0 = Debug|Any CPU
		{A93BB82A-49A9-44A1-88BD-31D1CBAAB157}.Release|Any CPU.ActiveCfg = Release|Any CPU
		{A93BB82A-49A9-44A1-88BD-31D1CBAAB157}.Release|Any CPU.Build.0 = Release|Any CPU
		{0E932198-F4D6-4686-8865-FC5767F87DDB}.Debug|Any CPU.ActiveCfg = Debug|Any CPU
		{0E932198-F4D6-4686-8865-FC5767F87DDB}.Debug|Any CPU.Build.0 = Debug|Any CPU
		{0E932198-F4D6-4686-8865-FC5767F87DDB}.Release|Any CPU.ActiveCfg = Release|Any CPU
		{0E932198-F4D6-4686-8865-FC5767F87DDB}.Release|Any CPU.Build.0 = Release|Any CPU
		{13BFE412-6EB7-4614-95DA-6CFA7C508195}.Debug|Any CPU.ActiveCfg = Debug|Any CPU
		{13BFE412-6EB7-4614-95DA-6CFA7C508195}.Debug|Any CPU.Build.0 = Debug|Any CPU
		{13BFE412-6EB7-4614-95DA-6CFA7C508195}.Release|Any CPU.ActiveCfg = Release|Any CPU
		{13BFE412-6EB7-4614-95DA-6CFA7C508195}.Release|Any CPU.Build.0 = Release|Any CPU
		{1ED1A602-DA65-415E-AC77-85A88D17600B}.Debug|Any CPU.ActiveCfg = Debug|Any CPU
		{1ED1A602-DA65-415E-AC77-85A88D17600B}.Debug|Any CPU.Build.0 = Debug|Any CPU
		{1ED1A602-DA65-415E-AC77-85A88D17600B}.Release|Any CPU.ActiveCfg = Release|Any CPU
		{1ED1A602-DA65-415E-AC77-85A88D17600B}.Release|Any CPU.Build.0 = Release|Any CPU
		{8A242D69-57FB-412F-9236-475E87DD1A86}.Debug|Any CPU.ActiveCfg = Debug|Any CPU
		{8A242D69-57FB-412F-9236-475E87DD1A86}.Debug|Any CPU.Build.0 = Debug|Any CPU
		{8A242D69-57FB-412F-9236-475E87DD1A86}.Release|Any CPU.ActiveCfg = Release|Any CPU
		{8A242D69-57FB-412F-9236-475E87DD1A86}.Release|Any CPU.Build.0 = Release|Any CPU
		{7CAF9979-914D-4FD1-A8B8-819F272E58B1}.Debug|Any CPU.ActiveCfg = Debug|Any CPU
		{7CAF9979-914D-4FD1-A8B8-819F272E58B1}.Debug|Any CPU.Build.0 = Debug|Any CPU
		{7CAF9979-914D-4FD1-A8B8-819F272E58B1}.Release|Any CPU.ActiveCfg = Release|Any CPU
		{7CAF9979-914D-4FD1-A8B8-819F272E58B1}.Release|Any CPU.Build.0 = Release|Any CPU
		{9E564117-84D1-43DA-9881-E49CA8A16543}.Debug|Any CPU.ActiveCfg = Debug|Any CPU
		{9E564117-84D1-43DA-9881-E49CA8A16543}.Debug|Any CPU.Build.0 = Debug|Any CPU
		{9E564117-84D1-43DA-9881-E49CA8A16543}.Release|Any CPU.ActiveCfg = Release|Any CPU
		{9E564117-84D1-43DA-9881-E49CA8A16543}.Release|Any CPU.Build.0 = Release|Any CPU
	EndGlobalSection
	GlobalSection(NestedProjects) = preSolution
		{A93BB82A-49A9-44A1-88BD-31D1CBAAB157} = {DF2EF5D8-B1CA-459A-A1FD-A152BA4D8473}
		{0E932198-F4D6-4686-8865-FC5767F87DDB} = {C9E82FC6-C9DA-4669-A041-AE79DF4A8226}
		{13BFE412-6EB7-4614-95DA-6CFA7C508195} = {C9E82FC6-C9DA-4669-A041-AE79DF4A8226}
		{1ED1A602-DA65-415E-AC77-85A88D17600B} = {C9E82FC6-C9DA-4669-A041-AE79DF4A8226}
		{8A242D69-57FB-412F-9236-475E87DD1A86} = {C9E82FC6-C9DA-4669-A041-AE79DF4A8226}
		{7CAF9979-914D-4FD1-A8B8-819F272E58B1} = {DF2EF5D8-B1CA-459A-A1FD-A152BA4D8473}
		{9E564117-84D1-43DA-9881-E49CA8A16543} = {DF2EF5D8-B1CA-459A-A1FD-A152BA4D8473}
	EndGlobalSection
EndGlobal
